lockfileVersion: 5.3

specifiers:
  axios: ^0.26.1

dependencies:
  axios: registry.npmmirror.com/axios/0.26.1

packages:

  registry.npmmirror.com/axios/0.26.1:
    resolution: {integrity: sha512-fPwcX4EvnSHuInCMItEhAGnaSEXRBjtzh9fOtsE6E1G6p7vl7edEeZe11QHf18+6+9gR5PbKV/sGKNaD8YaMeA==, registry: https://registry.npm.taobao.org/, tarball: https://registry.npmmirror.com/axios/-/axios-0.26.1.tgz}
    name: axios
    version: 0.26.1
    dependencies:
      follow-redirects: registry.npmmirror.com/follow-redirects/1.14.9
    transitivePeerDependencies:
      - debug
    dev: false

  registry.npmmirror.com/follow-redirects/1.14.9:
    resolution: {integrity: sha512-MQDfihBQYMcyy5dhRDJUHcw7lb2Pv/TuE6xP1vyraLukNDHKbDxDNaOE3NbCAdKQApno+GPRyo1YAp89yCjK4w==, registry: https://registry.npm.taobao.org/, tarball: https://registry.npmmirror.com/follow-redirects/-/follow-redirects-1.14.9.tgz}
    name: follow-redirects
    version: 1.14.9
    engines: {node: '>=4.0'}
    peerDependencies:
      debug: '*'
    peerDependenciesMeta:
      debug:
        optional: true
    dev: false
